
Microsoft Visual Studio Solution File, Format Version 12.00
# Visual Studio Version 16
VisualStudioVersion = 16.0.31727.386
MinimumVisualStudioVersion = 10.0.40219.1
Project("{2150E333-8FDC-42A3-9474-1A3956D46DE8}") = "Core", "Core", "{7C52D448-6CE0-4BE9-AA84-9E9DCE176906}"
EndProject
Project("{2150E333-8FDC-42A3-9474-1A3956D46DE8}") = "Domain", "Domain", "{B85AE8D5-BF80-40E1-85F1-B5E8FEF5E71E}"
EndProject
Project("{2150E333-8FDC-42A3-9474-1A3956D46DE8}") = "infra.Data", "infra.Data", "{3D330693-AE5D-4CB0-9C49-7D3A7C307940}"
EndProject
Project("{2150E333-8FDC-42A3-9474-1A3956D46DE8}") = "Ioc", "Ioc", "{DFB004C0-A567-4D7D-B345-241F186766D8}"
EndProject
Project("{2150E333-8FDC-42A3-9474-1A3956D46DE8}") = "Common", "Common", "{EFDA8BA0-34E0-4FC7-A42F-E5B9CF53079F}"
EndProject
Project("{2150E333-8FDC-42A3-9474-1A3956D46DE8}") = "Source", "Source", "{E6679569-5449-4B80-A03B-7F5BB3E03526}"
EndProject
Project("{2150E333-8FDC-42A3-9474-1A3956D46DE8}") = "Test", "Test", "{A3795953-EE5C-4835-84D5-739BD061EA92}"
EndProject
Project("{2150E333-8FDC-42A3-9474-1A3956D46DE8}") = "Presentaion", "Presentaion", "{1333E29D-4E08-4136-8FB9-0F16F30AC035}"
EndProject
Project("{9A19103F-16F7-4668-BE54-9A1E7A4F7556}") = "EndPoint.FinderProject", "EndPoint.Tourism\EndPoint.FinderProject.csproj", "{6E8694B6-E2D3-43C9-98BC-2975CC92FDA1}"
	ProjectSection(ProjectDependencies) = postProject
		{BB9BF8EF-0270-4F49-A537-DCB8705A1848} = {BB9BF8EF-0270-4F49-A537-DCB8705A1848}
	EndProjectSection
EndProject
Project("{2150E333-8FDC-42A3-9474-1A3956D46DE8}") = "Doc", "Doc", "{00F4D9B6-B913-4D7D-95A3-3D9EC72A5A6C}"
	ProjectSection(SolutionItems) = preProject
		JsHelper.txt = JsHelper.txt
	EndProjectSection
EndProject
Project("{9A19103F-16F7-4668-BE54-9A1E7A4F7556}") = "FinderProject.Application", "Application\FinderProject.Application.csproj", "{BB9BF8EF-0270-4F49-A537-DCB8705A1848}"
EndProject
Project("{9A19103F-16F7-4668-BE54-9A1E7A4F7556}") = "FinderProject.Domian", "Domian\FinderProject.Domian.csproj", "{4374B248-D8F2-4749-8C1C-19514391459A}"
EndProject
Project("{9A19103F-16F7-4668-BE54-9A1E7A4F7556}") = "FinderProject.Infra.Data", "Infra.Data\FinderProject.Infra.Data.csproj", "{577AF214-E2B7-4D66-8E31-77DA62781B91}"
EndProject
Project("{9A19103F-16F7-4668-BE54-9A1E7A4F7556}") = "FinderProject.Common", "TourismProject.Common\FinderProject.Common.csproj", "{7E013DC1-2F4C-494D-89BF-D445D48AD4E1}"
EndProject
Project("{9A19103F-16F7-4668-BE54-9A1E7A4F7556}") = "IOC", "IOC\IOC.csproj", "{82FFCF61-077A-4306-9677-F740831B0FDE}"
EndProject
Global
	GlobalSection(SolutionConfigurationPlatforms) = preSolution
		Debug|Any CPU = Debug|Any CPU
		Release|Any CPU = Release|Any CPU
	EndGlobalSection
	GlobalSection(ProjectConfigurationPlatforms) = postSolution
		{6E8694B6-E2D3-43C9-98BC-2975CC92FDA1}.Debug|Any CPU.ActiveCfg = Debug|Any CPU
		{6E8694B6-E2D3-43C9-98BC-2975CC92FDA1}.Debug|Any CPU.Build.0 = Debug|Any CPU
		{6E8694B6-E2D3-43C9-98BC-2975CC92FDA1}.Release|Any CPU.ActiveCfg = Release|Any CPU
		{6E8694B6-E2D3-43C9-98BC-2975CC92FDA1}.Release|Any CPU.Build.0 = Release|Any CPU
		{BB9BF8EF-0270-4F49-A537-DCB8705A1848}.Debug|Any CPU.ActiveCfg = Debug|Any CPU
		{BB9BF8EF-0270-4F49-A537-DCB8705A1848}.Debug|Any CPU.Build.0 = Debug|Any CPU
		{BB9BF8EF-0270-4F49-A537-DCB8705A1848}.Release|Any CPU.ActiveCfg = Release|Any CPU
		{BB9BF8EF-0270-4F49-A537-DCB8705A1848}.Release|Any CPU.Build.0 = Release|Any CPU
		{4374B248-D8F2-4749-8C1C-19514391459A}.Debug|Any CPU.ActiveCfg = Debug|Any CPU
		{4374B248-D8F2-4749-8C1C-19514391459A}.Debug|Any CPU.Build.0 = Debug|Any CPU
		{4374B248-D8F2-4749-8C1C-19514391459A}.Release|Any CPU.ActiveCfg = Release|Any CPU
		{4374B248-D8F2-4749-8C1C-19514391459A}.Release|Any CPU.Build.0 = Release|Any CPU
		{577AF214-E2B7-4D66-8E31-77DA62781B91}.Debug|Any CPU.ActiveCfg = Debug|Any CPU
		{577AF214-E2B7-4D66-8E31-77DA62781B91}.Debug|Any CPU.Build.0 = Debug|Any CPU
		{577AF214-E2B7-4D66-8E31-77DA62781B91}.Release|Any CPU.ActiveCfg = Release|Any CPU
		{577AF214-E2B7-4D66-8E31-77DA62781B91}.Release|Any CPU.Build.0 = Release|Any CPU
		{7E013DC1-2F4C-494D-89BF-D445D48AD4E1}.Debug|Any CPU.ActiveCfg = Debug|Any CPU
		{7E013DC1-2F4C-494D-89BF-D445D48AD4E1}.Debug|Any CPU.Build.0 = Debug|Any CPU
		{7E013DC1-2F4C-494D-89BF-D445D48AD4E1}.Release|Any CPU.ActiveCfg = Release|Any CPU
		{7E013DC1-2F4C-494D-89BF-D445D48AD4E1}.Release|Any CPU.Build.0 = Release|Any CPU
		{82FFCF61-077A-4306-9677-F740831B0FDE}.Debug|Any CPU.ActiveCfg = Debug|Any CPU
		{82FFCF61-077A-4306-9677-F740831B0FDE}.Debug|Any CPU.Build.0 = Debug|Any CPU
		{82FFCF61-077A-4306-9677-F740831B0FDE}.Release|Any CPU.ActiveCfg = Release|Any CPU
		{82FFCF61-077A-4306-9677-F740831B0FDE}.Release|Any CPU.Build.0 = Release|Any CPU
	EndGlobalSection
	GlobalSection(SolutionProperties) = preSolution
		HideSolutionNode = FALSE
	EndGlobalSection
	GlobalSection(NestedProjects) = preSolution
		{7C52D448-6CE0-4BE9-AA84-9E9DCE176906} = {E6679569-5449-4B80-A03B-7F5BB3E03526}
		{B85AE8D5-BF80-40E1-85F1-B5E8FEF5E71E} = {E6679569-5449-4B80-A03B-7F5BB3E03526}
		{3D330693-AE5D-4CB0-9C49-7D3A7C307940} = {E6679569-5449-4B80-A03B-7F5BB3E03526}
		{DFB004C0-A567-4D7D-B345-241F186766D8} = {E6679569-5449-4B80-A03B-7F5BB3E03526}
		{EFDA8BA0-34E0-4FC7-A42F-E5B9CF53079F} = {E6679569-5449-4B80-A03B-7F5BB3E03526}
		{1333E29D-4E08-4136-8FB9-0F16F30AC035} = {E6679569-5449-4B80-A03B-7F5BB3E03526}
		{6E8694B6-E2D3-43C9-98BC-2975CC92FDA1} = {1333E29D-4E08-4136-8FB9-0F16F30AC035}
		{BB9BF8EF-0270-4F49-A537-DCB8705A1848} = {7C52D448-6CE0-4BE9-AA84-9E9DCE176906}
		{4374B248-D8F2-4749-8C1C-19514391459A} = {B85AE8D5-BF80-40E1-85F1-B5E8FEF5E71E}
		{577AF214-E2B7-4D66-8E31-77DA62781B91} = {3D330693-AE5D-4CB0-9C49-7D3A7C307940}
		{7E013DC1-2F4C-494D-89BF-D445D48AD4E1} = {EFDA8BA0-34E0-4FC7-A42F-E5B9CF53079F}
		{82FFCF61-077A-4306-9677-F740831B0FDE} = {DFB004C0-A567-4D7D-B345-241F186766D8}
	EndGlobalSection
	GlobalSection(ExtensibilityGlobals) = postSolution
		SolutionGuid = {E3002CAD-F8D5-4F7B-9DE8-A1693293AA12}
	EndGlobalSection
EndGlobal
